// !$*UTF8*$!
{
	archiveVersion = 1;
	classes = {
	};
	objectVersion = 55;
	objects = {

/* Begin PBXBuildFile section */
		0ABE3BF239C93A4B8F541278 /* Pods_Parse_ChatTests.framework in Frameworks */ = {isa = PBXBuildFile; fileRef = 2FB39A064E7AF3879EC6E329 /* Pods_Parse_ChatTests.framework */; };
		850A5D715131D1E978864714 /* Pods_Parse_Chat.framework in Frameworks */ = {isa = PBXBuildFile; fileRef = CDCC43078101A57C199F80EA /* Pods_Parse_Chat.framework */; };
		F3BF4A10286939B40032028F /* AppDelegate.m in Sources */ = {isa = PBXBuildFile; fileRef = F3BF4A0F286939B40032028F /* AppDelegate.m */; };
		F3BF4A13286939B40032028F /* SceneDelegate.m in Sources */ = {isa = PBXBuildFile; fileRef = F3BF4A12286939B40032028F /* SceneDelegate.m */; };
		F3BF4A16286939B40032028F /* LoginViewController.m in Sources */ = {isa = PBXBuildFile; fileRef = F3BF4A15286939B40032028F /* LoginViewController.m */; };
		F3BF4A19286939B40032028F /* Main.storyboard in Resources */ = {isa = PBXBuildFile; fileRef = F3BF4A17286939B40032028F /* Main.storyboard */; };
		F3BF4A1B286939B50032028F /* Assets.xcassets in Resources */ = {isa = PBXBuildFile; fileRef = F3BF4A1A286939B50032028F /* Assets.xcassets */; };
		F3BF4A1E286939B50032028F /* LaunchScreen.storyboard in Resources */ = {isa = PBXBuildFile; fileRef = F3BF4A1C286939B50032028F /* LaunchScreen.storyboard */; };
		F3BF4A21286939B50032028F /* main.m in Sources */ = {isa = PBXBuildFile; fileRef = F3BF4A20286939B50032028F /* main.m */; };
		F3BF4A2B286939B50032028F /* Parse_ChatTests.m in Sources */ = {isa = PBXBuildFile; fileRef = F3BF4A2A286939B50032028F /* Parse_ChatTests.m */; };
		F3BF4A35286939B50032028F /* Parse_ChatUITests.m in Sources */ = {isa = PBXBuildFile; fileRef = F3BF4A34286939B50032028F /* Parse_ChatUITests.m */; };
		F3BF4A37286939B50032028F /* Parse_ChatUITestsLaunchTests.m in Sources */ = {isa = PBXBuildFile; fileRef = F3BF4A36286939B50032028F /* Parse_ChatUITestsLaunchTests.m */; };
		F3EC1A0C28695DBC00431C90 /* ChatViewController.m in Sources */ = {isa = PBXBuildFile; fileRef = F3EC1A0B28695DBC00431C90 /* ChatViewController.m */; };
		F3EC1A11286965C600431C90 /* ChatCell.m in Sources */ = {isa = PBXBuildFile; fileRef = F3EC1A10286965C600431C90 /* ChatCell.m */; };
		FBCFAC769E526DCCBB955381 /* Pods_Parse_Chat_Parse_ChatUITests.framework in Frameworks */ = {isa = PBXBuildFile; fileRef = 2F97506A5416A62A49AD731A /* Pods_Parse_Chat_Parse_ChatUITests.framework */; };
/* End PBXBuildFile section */

/* Begin PBXContainerItemProxy section */
		F3BF4A27286939B50032028F /* PBXContainerItemProxy */ = {
			isa = PBXContainerItemProxy;
			containerPortal = F3BF4A03286939B40032028F /* Project object */;
			proxyType = 1;
			remoteGlobalIDString = F3BF4A0A286939B40032028F;
			remoteInfo = Parse_Chat;
		};
		F3BF4A31286939B50032028F /* PBXContainerItemProxy */ = {
			isa = PBXContainerItemProxy;
			containerPortal = F3BF4A03286939B40032028F /* Project object */;
			proxyType = 1;
			remoteGlobalIDString = F3BF4A0A286939B40032028F;
			remoteInfo = Parse_Chat;
		};
/* End PBXContainerItemProxy section */

/* Begin PBXFileReference section */
		2F97506A5416A62A49AD731A /* Pods_Parse_Chat_Parse_ChatUITests.framework */ = {isa = PBXFileReference; explicitFileType = wrapper.framework; includeInIndex = 0; path = Pods_Parse_Chat_Parse_ChatUITests.framework; sourceTree = BUILT_PRODUCTS_DIR; };
		2FB39A064E7AF3879EC6E329 /* Pods_Parse_ChatTests.framework */ = {isa = PBXFileReference; explicitFileType = wrapper.framework; includeInIndex = 0; path = Pods_Parse_ChatTests.framework; sourceTree = BUILT_PRODUCTS_DIR; };
		44BFFAF5337F7D614B261C38 /* Pods-Parse_Chat.debug.xcconfig */ = {isa = PBXFileReference; includeInIndex = 1; lastKnownFileType = text.xcconfig; name = "Pods-Parse_Chat.debug.xcconfig"; path = "Target Support Files/Pods-Parse_Chat/Pods-Parse_Chat.debug.xcconfig"; sourceTree = "<group>"; };
		579727971AAB87D5AAAE0CE5 /* Pods-Parse_ChatTests.release.xcconfig */ = {isa = PBXFileReference; includeInIndex = 1; lastKnownFileType = text.xcconfig; name = "Pods-Parse_ChatTests.release.xcconfig"; path = "Target Support Files/Pods-Parse_ChatTests/Pods-Parse_ChatTests.release.xcconfig"; sourceTree = "<group>"; };
		B0AE3C910774152E5F044932 /* Pods-Parse_ChatTests.debug.xcconfig */ = {isa = PBXFileReference; includeInIndex = 1; lastKnownFileType = text.xcconfig; name = "Pods-Parse_ChatTests.debug.xcconfig"; path = "Target Support Files/Pods-Parse_ChatTests/Pods-Parse_ChatTests.debug.xcconfig"; sourceTree = "<group>"; };
		B4FD4DF093CA2248F454AE21 /* Pods-Parse_Chat-Parse_ChatUITests.debug.xcconfig */ = {isa = PBXFileReference; includeInIndex = 1; lastKnownFileType = text.xcconfig; name = "Pods-Parse_Chat-Parse_ChatUITests.debug.xcconfig"; path = "Target Support Files/Pods-Parse_Chat-Parse_ChatUITests/Pods-Parse_Chat-Parse_ChatUITests.debug.xcconfig"; sourceTree = "<group>"; };
		BD732C98F224173DFA9DD9A1 /* Pods-Parse_Chat-Parse_ChatUITests.release.xcconfig */ = {isa = PBXFileReference; includeInIndex = 1; lastKnownFileType = text.xcconfig; name = "Pods-Parse_Chat-Parse_ChatUITests.release.xcconfig"; path = "Target Support Files/Pods-Parse_Chat-Parse_ChatUITests/Pods-Parse_Chat-Parse_ChatUITests.release.xcconfig"; sourceTree = "<group>"; };
		CDCC43078101A57C199F80EA /* Pods_Parse_Chat.framework */ = {isa = PBXFileReference; explicitFileType = wrapper.framework; includeInIndex = 0; path = Pods_Parse_Chat.framework; sourceTree = BUILT_PRODUCTS_DIR; };
		F3BF4A0B286939B40032028F /* Parse_Chat.app */ = {isa = PBXFileReference; explicitFileType = wrapper.application; includeInIndex = 0; path = Parse_Chat.app; sourceTree = BUILT_PRODUCTS_DIR; };
		F3BF4A0E286939B40032028F /* AppDelegate.h */ = {isa = PBXFileReference; lastKnownFileType = sourcecode.c.h; path = AppDelegate.h; sourceTree = "<group>"; };
		F3BF4A0F286939B40032028F /* AppDelegate.m */ = {isa = PBXFileReference; lastKnownFileType = sourcecode.c.objc; path = AppDelegate.m; sourceTree = "<group>"; };
		F3BF4A11286939B40032028F /* SceneDelegate.h */ = {isa = PBXFileReference; lastKnownFileType = sourcecode.c.h; path = SceneDelegate.h; sourceTree = "<group>"; };
		F3BF4A12286939B40032028F /* SceneDelegate.m */ = {isa = PBXFileReference; lastKnownFileType = sourcecode.c.objc; path = SceneDelegate.m; sourceTree = "<group>"; };
		F3BF4A14286939B40032028F /* LoginViewController.h */ = {isa = PBXFileReference; lastKnownFileType = sourcecode.c.h; path = LoginViewController.h; sourceTree = "<group>"; };
		F3BF4A15286939B40032028F /* LoginViewController.m */ = {isa = PBXFileReference; lastKnownFileType = sourcecode.c.objc; path = LoginViewController.m; sourceTree = "<group>"; };
		F3BF4A18286939B40032028F /* Base */ = {isa = PBXFileReference; lastKnownFileType = file.storyboard; name = Base; path = Base.lproj/Main.storyboard; sourceTree = "<group>"; };
		F3BF4A1A286939B50032028F /* Assets.xcassets */ = {isa = PBXFileReference; lastKnownFileType = folder.assetcatalog; path = Assets.xcassets; sourceTree = "<group>"; };
		F3BF4A1D286939B50032028F /* Base */ = {isa = PBXFileReference; lastKnownFileType = file.storyboard; name = Base; path = Base.lproj/LaunchScreen.storyboard; sourceTree = "<group>"; };
		F3BF4A1F286939B50032028F /* Info.plist */ = {isa = PBXFileReference; lastKnownFileType = text.plist.xml; path = Info.plist; sourceTree = "<group>"; };
		F3BF4A20286939B50032028F /* main.m */ = {isa = PBXFileReference; lastKnownFileType = sourcecode.c.objc; path = main.m; sourceTree = "<group>"; };
		F3BF4A26286939B50032028F /* Parse_ChatTests.xctest */ = {isa = PBXFileReference; explicitFileType = wrapper.cfbundle; includeInIndex = 0; path = Parse_ChatTests.xctest; sourceTree = BUILT_PRODUCTS_DIR; };
		F3BF4A2A286939B50032028F /* Parse_ChatTests.m */ = {isa = PBXFileReference; lastKnownFileType = sourcecode.c.objc; path = Parse_ChatTests.m; sourceTree = "<group>"; };
		F3BF4A30286939B50032028F /* Parse_ChatUITests.xctest */ = {isa = PBXFileReference; explicitFileType = wrapper.cfbundle; includeInIndex = 0; path = Parse_ChatUITests.xctest; sourceTree = BUILT_PRODUCTS_DIR; };
		F3BF4A34286939B50032028F /* Parse_ChatUITests.m */ = {isa = PBXFileReference; lastKnownFileType = sourcecode.c.objc; path = Parse_ChatUITests.m; sourceTree = "<group>"; };
		F3BF4A36286939B50032028F /* Parse_ChatUITestsLaunchTests.m */ = {isa = PBXFileReference; lastKnownFileType = sourcecode.c.objc; path = Parse_ChatUITestsLaunchTests.m; sourceTree = "<group>"; };
		F3EC1A0A28695DBC00431C90 /* ChatViewController.h */ = {isa = PBXFileReference; lastKnownFileType = sourcecode.c.h; path = ChatViewController.h; sourceTree = "<group>"; };
		F3EC1A0B28695DBC00431C90 /* ChatViewController.m */ = {isa = PBXFileReference; lastKnownFileType = sourcecode.c.objc; path = ChatViewController.m; sourceTree = "<group>"; };
		F3EC1A0F286965C600431C90 /* ChatCell.h */ = {isa = PBXFileReference; lastKnownFileType = sourcecode.c.h; path = ChatCell.h; sourceTree = "<group>"; };
		F3EC1A10286965C600431C90 /* ChatCell.m */ = {isa = PBXFileReference; lastKnownFileType = sourcecode.c.objc; path = ChatCell.m; sourceTree = "<group>"; };
		F82B48C9C13FE94D9F9CC648 /* Pods-Parse_Chat.release.xcconfig */ = {isa = PBXFileReference; includeInIndex = 1; lastKnownFileType = text.xcconfig; name = "Pods-Parse_Chat.release.xcconfig"; path = "Target Support Files/Pods-Parse_Chat/Pods-Parse_Chat.release.xcconfig"; sourceTree = "<group>"; };
/* End PBXFileReference section */

/* Begin PBXFrameworksBuildPhase section */
		F3BF4A08286939B40032028F /* Frameworks */ = {
			isa = PBXFrameworksBuildPhase;
			buildActionMask = 2147483647;
			files = (
				850A5D715131D1E978864714 /* Pods_Parse_Chat.framework in Frameworks */,
			);
			runOnlyForDeploymentPostprocessing = 0;
		};
		F3BF4A23286939B50032028F /* Frameworks */ = {
			isa = PBXFrameworksBuildPhase;
			buildActionMask = 2147483647;
			files = (
				0ABE3BF239C93A4B8F541278 /* Pods_Parse_ChatTests.framework in Frameworks */,
			);
			runOnlyForDeploymentPostprocessing = 0;
		};
		F3BF4A2D286939B50032028F /* Frameworks */ = {
			isa = PBXFrameworksBuildPhase;
			buildActionMask = 2147483647;
			files = (
				FBCFAC769E526DCCBB955381 /* Pods_Parse_Chat_Parse_ChatUITests.framework in Frameworks */,
			);
			runOnlyForDeploymentPostprocessing = 0;
		};
/* End PBXFrameworksBuildPhase section */

/* Begin PBXGroup section */
		042759050F37FED45C9DBE45 /* Frameworks */ = {
			isa = PBXGroup;
			children = (
				CDCC43078101A57C199F80EA /* Pods_Parse_Chat.framework */,
				2F97506A5416A62A49AD731A /* Pods_Parse_Chat_Parse_ChatUITests.framework */,
				2FB39A064E7AF3879EC6E329 /* Pods_Parse_ChatTests.framework */,
			);
			name = Frameworks;
			sourceTree = "<group>";
		};
		5B90ED814DE41E82457BD709 /* Pods */ = {
			isa = PBXGroup;
			children = (
				44BFFAF5337F7D614B261C38 /* Pods-Parse_Chat.debug.xcconfig */,
				F82B48C9C13FE94D9F9CC648 /* Pods-Parse_Chat.release.xcconfig */,
				B4FD4DF093CA2248F454AE21 /* Pods-Parse_Chat-Parse_ChatUITests.debug.xcconfig */,
				BD732C98F224173DFA9DD9A1 /* Pods-Parse_Chat-Parse_ChatUITests.release.xcconfig */,
				B0AE3C910774152E5F044932 /* Pods-Parse_ChatTests.debug.xcconfig */,
				579727971AAB87D5AAAE0CE5 /* Pods-Parse_ChatTests.release.xcconfig */,
			);
			path = Pods;
			sourceTree = "<group>";
		};
		F32D7EE428693CC000E96CEF /* View Controllers */ = {
			isa = PBXGroup;
			children = (
				F3BF4A14286939B40032028F /* LoginViewController.h */,
				F3BF4A15286939B40032028F /* LoginViewController.m */,
				F3EC1A0A28695DBC00431C90 /* ChatViewController.h */,
				F3EC1A0B28695DBC00431C90 /* ChatViewController.m */,
			);
			path = "View Controllers";
			sourceTree = "<group>";
		};
		F3BF4A02286939B40032028F = {
			isa = PBXGroup;
			children = (
				F3BF4A0D286939B40032028F /* Parse_Chat */,
				F3BF4A29286939B50032028F /* Parse_ChatTests */,
				F3BF4A33286939B50032028F /* Parse_ChatUITests */,
				F3BF4A0C286939B40032028F /* Products */,
				5B90ED814DE41E82457BD709 /* Pods */,
				042759050F37FED45C9DBE45 /* Frameworks */,
			);
			sourceTree = "<group>";
		};
		F3BF4A0C286939B40032028F /* Products */ = {
			isa = PBXGroup;
			children = (
				F3BF4A0B286939B40032028F /* Parse_Chat.app */,
				F3BF4A26286939B50032028F /* Parse_ChatTests.xctest */,
				F3BF4A30286939B50032028F /* Parse_ChatUITests.xctest */,
			);
			name = Products;
			sourceTree = "<group>";
		};
		F3BF4A0D286939B40032028F /* Parse_Chat */ = {
			isa = PBXGroup;
			children = (
				F32D7EE428693CC000E96CEF /* View Controllers */,
				F3EC1A0E2869654300431C90 /* Cells */,
				F3BF4A0E286939B40032028F /* AppDelegate.h */,
				F3BF4A0F286939B40032028F /* AppDelegate.m */,
				F3BF4A11286939B40032028F /* SceneDelegate.h */,
				F3BF4A12286939B40032028F /* SceneDelegate.m */,
				F3BF4A17286939B40032028F /* Main.storyboard */,
				F3BF4A1A286939B50032028F /* Assets.xcassets */,
				F3BF4A1C286939B50032028F /* LaunchScreen.storyboard */,
				F3BF4A1F286939B50032028F /* Info.plist */,
				F3BF4A20286939B50032028F /* main.m */,
			);
			path = Parse_Chat;
			sourceTree = "<group>";
		};
		F3BF4A29286939B50032028F /* Parse_ChatTests */ = {
			isa = PBXGroup;
			children = (
				F3BF4A2A286939B50032028F /* Parse_ChatTests.m */,
			);
			path = Parse_ChatTests;
			sourceTree = "<group>";
		};
		F3BF4A33286939B50032028F /* Parse_ChatUITests */ = {
			isa = PBXGroup;
			children = (
				F3BF4A34286939B50032028F /* Parse_ChatUITests.m */,
				F3BF4A36286939B50032028F /* Parse_ChatUITestsLaunchTests.m */,
			);
			path = Parse_ChatUITests;
			sourceTree = "<group>";
		};
		F3EC1A0E2869654300431C90 /* Cells */ = {
			isa = PBXGroup;
			children = (
				F3EC1A0F286965C600431C90 /* ChatCell.h */,
				F3EC1A10286965C600431C90 /* ChatCell.m */,
			);
			name = Cells;
			path = ..;
			sourceTree = "<group>";
		};
/* End PBXGroup section */

/* Begin PBXNativeTarget section */
		F3BF4A0A286939B40032028F /* Parse_Chat */ = {
			isa = PBXNativeTarget;
			buildConfigurationList = F3BF4A3A286939B50032028F /* Build configuration list for PBXNativeTarget "Parse_Chat" */;
			buildPhases = (
				7F2938A234CAF17D46EE9750 /* [CP] Check Pods Manifest.lock */,
				F3BF4A07286939B40032028F /* Sources */,
				F3BF4A08286939B40032028F /* Frameworks */,
				F3BF4A09286939B40032028F /* Resources */,
				9FF15D4395316F0705057E5D /* [CP] Embed Pods Frameworks */,
			);
			buildRules = (
			);
			dependencies = (
			);
			name = Parse_Chat;
			productName = Parse_Chat;
			productReference = F3BF4A0B286939B40032028F /* Parse_Chat.app */;
			productType = "com.apple.product-type.application";
		};
		F3BF4A25286939B50032028F /* Parse_ChatTests */ = {
			isa = PBXNativeTarget;
			buildConfigurationList = F3BF4A3D286939B50032028F /* Build configuration list for PBXNativeTarget "Parse_ChatTests" */;
			buildPhases = (
				8192C5B7739CEA15F802D4B7 /* [CP] Check Pods Manifest.lock */,
				F3BF4A22286939B50032028F /* Sources */,
				F3BF4A23286939B50032028F /* Frameworks */,
				F3BF4A24286939B50032028F /* Resources */,
			);
			buildRules = (
			);
			dependencies = (
				F3BF4A28286939B50032028F /* PBXTargetDependency */,
			);
			name = Parse_ChatTests;
			productName = Parse_ChatTests;
			productReference = F3BF4A26286939B50032028F /* Parse_ChatTests.xctest */;
			productType = "com.apple.product-type.bundle.unit-test";
		};
		F3BF4A2F286939B50032028F /* Parse_ChatUITests */ = {
			isa = PBXNativeTarget;
			buildConfigurationList = F3BF4A40286939B50032028F /* Build configuration list for PBXNativeTarget "Parse_ChatUITests" */;
			buildPhases = (
				22FB8065D37A08BB23363958 /* [CP] Check Pods Manifest.lock */,
				F3BF4A2C286939B50032028F /* Sources */,
				F3BF4A2D286939B50032028F /* Frameworks */,
				F3BF4A2E286939B50032028F /* Resources */,
				AEB3F74E259092A890886885 /* [CP] Embed Pods Frameworks */,
			);
			buildRules = (
			);
			dependencies = (
				F3BF4A32286939B50032028F /* PBXTargetDependency */,
			);
			name = Parse_ChatUITests;
			productName = Parse_ChatUITests;
			productReference = F3BF4A30286939B50032028F /* Parse_ChatUITests.xctest */;
			productType = "com.apple.product-type.bundle.ui-testing";
		};
/* End PBXNativeTarget section */

/* Begin PBXProject section */
		F3BF4A03286939B40032028F /* Project object */ = {
			isa = PBXProject;
			attributes = {
				BuildIndependentTargetsInParallel = 1;
				LastUpgradeCheck = 1340;
				TargetAttributes = {
					F3BF4A0A286939B40032028F = {
						CreatedOnToolsVersion = 13.4.1;
					};
					F3BF4A25286939B50032028F = {
						CreatedOnToolsVersion = 13.4.1;
						TestTargetID = F3BF4A0A286939B40032028F;
					};
					F3BF4A2F286939B50032028F = {
						CreatedOnToolsVersion = 13.4.1;
						TestTargetID = F3BF4A0A286939B40032028F;
					};
				};
			};
			buildConfigurationList = F3BF4A06286939B40032028F /* Build configuration list for PBXProject "Parse_Chat" */;
			compatibilityVersion = "Xcode 13.0";
			developmentRegion = en;
			hasScannedForEncodings = 0;
			knownRegions = (
				en,
				Base,
			);
			mainGroup = F3BF4A02286939B40032028F;
			productRefGroup = F3BF4A0C286939B40032028F /* Products */;
			projectDirPath = "";
			projectRoot = "";
			targets = (
				F3BF4A0A286939B40032028F /* Parse_Chat */,
				F3BF4A25286939B50032028F /* Parse_ChatTests */,
				F3BF4A2F286939B50032028F /* Parse_ChatUITests */,
			);
		};
/* End PBXProject section */

/* Begin PBXResourcesBuildPhase section */
		F3BF4A09286939B40032028F /* Resources */ = {
			isa = PBXResourcesBuildPhase;
			buildActionMask = 2147483647;
			files = (
				F3BF4A1E286939B50032028F /* LaunchScreen.storyboard in Resources */,
				F3BF4A1B286939B50032028F /* Assets.xcassets in Resources */,
				F3BF4A19286939B40032028F /* Main.storyboard in Resources */,
			);
			runOnlyForDeploymentPostprocessing = 0;
		};
		F3BF4A24286939B50032028F /* Resources */ = {
			isa = PBXResourcesBuildPhase;
			buildActionMask = 2147483647;
			files = (
			);
			runOnlyForDeploymentPostprocessing = 0;
		};
		F3BF4A2E286939B50032028F /* Resources */ = {
			isa = PBXResourcesBuildPhase;
			buildActionMask = 2147483647;
			files = (
			);
			runOnlyForDeploymentPostprocessing = 0;
		};
/* End PBXResourcesBuildPhase section */

/* Begin PBXShellScriptBuildPhase section */
		22FB8065D37A08BB23363958 /* [CP] Check Pods Manifest.lock */ = {
			isa = PBXShellScriptBuildPhase;
			buildActionMask = 2147483647;
			files = (
			);
			inputFileListPaths = (
			);
			inputPaths = (
				"${PODS_PODFILE_DIR_PATH}/Podfile.lock",
				"${PODS_ROOT}/Manifest.lock",
			);
			name = "[CP] Check Pods Manifest.lock";
			outputFileListPaths = (
			);
			outputPaths = (
				"$(DERIVED_FILE_DIR)/Pods-Parse_Chat-Parse_ChatUITests-checkManifestLockResult.txt",
			);
			runOnlyForDeploymentPostprocessing = 0;
			shellPath = /bin/sh;
			shellScript = "diff \"${PODS_PODFILE_DIR_PATH}/Podfile.lock\" \"${PODS_ROOT}/Manifest.lock\" > /dev/null\nif [ $? != 0 ] ; then\n    # print error to STDERR\n    echo \"error: The sandbox is not in sync with the Podfile.lock. Run 'pod install' or update your CocoaPods installation.\" >&2\n    exit 1\nfi\n# This output is used by Xcode 'outputs' to avoid re-running this script phase.\necho \"SUCCESS\" > \"${SCRIPT_OUTPUT_FILE_0}\"\n";
			showEnvVarsInLog = 0;
		};
		7F2938A234CAF17D46EE9750 /* [CP] Check Pods Manifest.lock */ = {
			isa = PBXShellScriptBuildPhase;
			buildActionMask = 2147483647;
			files = (
			);
			inputFileListPaths = (
			);
			inputPaths = (
				"${PODS_PODFILE_DIR_PATH}/Podfile.lock",
				"${PODS_ROOT}/Manifest.lock",
			);
			name = "[CP] Check Pods Manifest.lock";
			outputFileListPaths = (
			);
			outputPaths = (
				"$(DERIVED_FILE_DIR)/Pods-Parse_Chat-checkManifestLockResult.txt",
			);
			runOnlyForDeploymentPostprocessing = 0;
			shellPath = /bin/sh;
			shellScript = "diff \"${PODS_PODFILE_DIR_PATH}/Podfile.lock\" \"${PODS_ROOT}/Manifest.lock\" > /dev/null\nif [ $? != 0 ] ; then\n    # print error to STDERR\n    echo \"error: The sandbox is not in sync with the Podfile.lock. Run 'pod install' or update your CocoaPods installation.\" >&2\n    exit 1\nfi\n# This output is used by Xcode 'outputs' to avoid re-running this script phase.\necho \"SUCCESS\" > \"${SCRIPT_OUTPUT_FILE_0}\"\n";
			showEnvVarsInLog = 0;
		};
		8192C5B7739CEA15F802D4B7 /* [CP] Check Pods Manifest.lock */ = {
			isa = PBXShellScriptBuildPhase;
			buildActionMask = 2147483647;
			files = (
			);
			inputFileListPaths = (
			);
			inputPaths = (
				"${PODS_PODFILE_DIR_PATH}/Podfile.lock",
				"${PODS_ROOT}/Manifest.lock",
			);
			name = "[CP] Check Pods Manifest.lock";
			outputFileListPaths = (
			);
			outputPaths = (
				"$(DERIVED_FILE_DIR)/Pods-Parse_ChatTests-checkManifestLockResult.txt",
			);
			runOnlyForDeploymentPostprocessing = 0;
			shellPath = /bin/sh;
			shellScript = "diff \"${PODS_PODFILE_DIR_PATH}/Podfile.lock\" \"${PODS_ROOT}/Manifest.lock\" > /dev/null\nif [ $? != 0 ] ; then\n    # print error to STDERR\n    echo \"error: The sandbox is not in sync with the Podfile.lock. Run 'pod install' or update your CocoaPods installation.\" >&2\n    exit 1\nfi\n# This output is used by Xcode 'outputs' to avoid re-running this script phase.\necho \"SUCCESS\" > \"${SCRIPT_OUTPUT_FILE_0}\"\n";
			showEnvVarsInLog = 0;
		};
		9FF15D4395316F0705057E5D /* [CP] Embed Pods Frameworks */ = {
			isa = PBXShellScriptBuildPhase;
			buildActionMask = 2147483647;
			files = (
			);
			inputFileListPaths = (
				"${PODS_ROOT}/Target Support Files/Pods-Parse_Chat/Pods-Parse_Chat-frameworks-${CONFIGURATION}-input-files.xcfilelist",
			);
			name = "[CP] Embed Pods Frameworks";
			outputFileListPaths = (
				"${PODS_ROOT}/Target Support Files/Pods-Parse_Chat/Pods-Parse_Chat-frameworks-${CONFIGURATION}-output-files.xcfilelist",
			);
			runOnlyForDeploymentPostprocessing = 0;
			shellPath = /bin/sh;
			shellScript = "\"${PODS_ROOT}/Target Support Files/Pods-Parse_Chat/Pods-Parse_Chat-frameworks.sh\"\n";
			showEnvVarsInLog = 0;
		};
		AEB3F74E259092A890886885 /* [CP] Embed Pods Frameworks */ = {
			isa = PBXShellScriptBuildPhase;
			buildActionMask = 2147483647;
			files = (
			);
			inputFileListPaths = (
				"${PODS_ROOT}/Target Support Files/Pods-Parse_Chat-Parse_ChatUITests/Pods-Parse_Chat-Parse_ChatUITests-frameworks-${CONFIGURATION}-input-files.xcfilelist",
			);
			name = "[CP] Embed Pods Frameworks";
			outputFileListPaths = (
				"${PODS_ROOT}/Target Support Files/Pods-Parse_Chat-Parse_ChatUITests/Pods-Parse_Chat-Parse_ChatUITests-frameworks-${CONFIGURATION}-output-files.xcfilelist",
			);
			runOnlyForDeploymentPostprocessing = 0;
			shellPath = /bin/sh;
			shellScript = "\"${PODS_ROOT}/Target Support Files/Pods-Parse_Chat-Parse_ChatUITests/Pods-Parse_Chat-Parse_ChatUITests-frameworks.sh\"\n";
			showEnvVarsInLog = 0;
		};
/* End PBXShellScriptBuildPhase section */

/* Begin PBXSourcesBuildPhase section */
		F3BF4A07286939B40032028F /* Sources */ = {
			isa = PBXSourcesBuildPhase;
			buildActionMask = 2147483647;
			files = (
				F3BF4A16286939B40032028F /* LoginViewController.m in Sources */,
				F3BF4A10286939B40032028F /* AppDelegate.m in Sources */,
				F3EC1A0C28695DBC00431C90 /* ChatViewController.m in Sources */,
				F3EC1A11286965C600431C90 /* ChatCell.m in Sources */,
				F3BF4A21286939B50032028F /* main.m in Sources */,
				F3BF4A13286939B40032028F /* SceneDelegate.m in Sources */,
			);
			runOnlyForDeploymentPostprocessing = 0;
		};
		F3BF4A22286939B50032028F /* Sources */ = {
			isa = PBXSourcesBuildPhase;
			buildActionMask = 2147483647;
			files = (
				F3BF4A2B286939B50032028F /* Parse_ChatTests.m in Sources */,
			);
			runOnlyForDeploymentPostprocessing = 0;
		};
		F3BF4A2C286939B50032028F /* Sources */ = {
			isa = PBXSourcesBuildPhase;
			buildActionMask = 2147483647;
			files = (
				F3BF4A37286939B50032028F /* Parse_ChatUITestsLaunchTests.m in Sources */,
				F3BF4A35286939B50032028F /* Parse_ChatUITests.m in Sources */,
			);
			runOnlyForDeploymentPostprocessing = 0;
		};
/* End PBXSourcesBuildPhase section */

/* Begin PBXTargetDependency section */
		F3BF4A28286939B50032028F /* PBXTargetDependency */ = {
			isa = PBXTargetDependency;
			target = F3BF4A0A286939B40032028F /* Parse_Chat */;
			targetProxy = F3BF4A27286939B50032028F /* PBXContainerItemProxy */;
		};
		F3BF4A32286939B50032028F /* PBXTargetDependency */ = {
			isa = PBXTargetDependency;
			target = F3BF4A0A286939B40032028F /* Parse_Chat */;
			targetProxy = F3BF4A31286939B50032028F /* PBXContainerItemProxy */;
		};
/* End PBXTargetDependency section */

/* Begin PBXVariantGroup section */
		F3BF4A17286939B40032028F /* Main.storyboard */ = {
			isa = PBXVariantGroup;
			children = (
				F3BF4A18286939B40032028F /* Base */,
			);
			name = Main.storyboard;
			sourceTree = "<group>";
		};
		F3BF4A1C286939B50032028F /* LaunchScreen.storyboard */ = {
			isa = PBXVariantGroup;
			children = (
				F3BF4A1D286939B50032028F /* Base */,
			);
			name = LaunchScreen.storyboard;
			sourceTree = "<group>";
		};
/* End PBXVariantGroup section */

/* Begin XCBuildConfiguration section */
		F3BF4A38286939B50032028F /* Debug */ = {
			isa = XCBuildConfiguration;
			buildSettings = {
				ALWAYS_SEARCH_USER_PATHS = NO;
				CLANG_ANALYZER_NONNULL = YES;
				CLANG_ANALYZER_NUMBER_OBJECT_CONVERSION = YES_AGGRESSIVE;
				CLANG_CXX_LANGUAGE_STANDARD = "gnu++17";
				CLANG_ENABLE_MODULES = YES;
				CLANG_ENABLE_OBJC_ARC = YES;
				CLANG_ENABLE_OBJC_WEAK = YES;
				CLANG_WARN_BLOCK_CAPTURE_AUTORELEASING = YES;
				CLANG_WARN_BOOL_CONVERSION = YES;
				CLANG_WARN_COMMA = YES;
				CLANG_WARN_CONSTANT_CONVERSION = YES;
				CLANG_WARN_DEPRECATED_OBJC_IMPLEMENTATIONS = YES;
				CLANG_WARN_DIRECT_OBJC_ISA_USAGE = YES_ERROR;
				CLANG_WARN_DOCUMENTATION_COMMENTS = YES;
				CLANG_WARN_EMPTY_BODY = YES;
				CLANG_WARN_ENUM_CONVERSION = YES;
				CLANG_WARN_INFINITE_RECURSION = YES;
				CLANG_WARN_INT_CONVERSION = YES;
				CLANG_WARN_NON_LITERAL_NULL_CONVERSION = YES;
				CLANG_WARN_OBJC_IMPLICIT_RETAIN_SELF = YES;
				CLANG_WARN_OBJC_LITERAL_CONVERSION = YES;
				CLANG_WARN_OBJC_ROOT_CLASS = YES_ERROR;
				CLANG_WARN_QUOTED_INCLUDE_IN_FRAMEWORK_HEADER = YES;
				CLANG_WARN_RANGE_LOOP_ANALYSIS = YES;
				CLANG_WARN_STRICT_PROTOTYPES = YES;
				CLANG_WARN_SUSPICIOUS_MOVE = YES;
				CLANG_WARN_UNGUARDED_AVAILABILITY = YES_AGGRESSIVE;
				CLANG_WARN_UNREACHABLE_CODE = YES;
				CLANG_WARN__DUPLICATE_METHOD_MATCH = YES;
				COPY_PHASE_STRIP = NO;
				DEBUG_INFORMATION_FORMAT = dwarf;
				ENABLE_STRICT_OBJC_MSGSEND = YES;
				ENABLE_TESTABILITY = YES;
				GCC_C_LANGUAGE_STANDARD = gnu11;
				GCC_DYNAMIC_NO_PIC = NO;
				GCC_NO_COMMON_BLOCKS = YES;
				GCC_OPTIMIZATION_LEVEL = 0;
				GCC_PREPROCESSOR_DEFINITIONS = (
					"DEBUG=1",
					"$(inherited)",
				);
				GCC_WARN_64_TO_32_BIT_CONVERSION = YES;
				GCC_WARN_ABOUT_RETURN_TYPE = YES_ERROR;
				GCC_WARN_UNDECLARED_SELECTOR = YES;
				GCC_WARN_UNINITIALIZED_AUTOS = YES_AGGRESSIVE;
				GCC_WARN_UNUSED_FUNCTION = YES;
				GCC_WARN_UNUSED_VARIABLE = YES;
				IPHONEOS_DEPLOYMENT_TARGET = 15.5;
				MTL_ENABLE_DEBUG_INFO = INCLUDE_SOURCE;
				MTL_FAST_MATH = YES;
				ONLY_ACTIVE_ARCH = YES;
				SDKROOT = iphoneos;
			};
			name = Debug;
		};
		F3BF4A39286939B50032028F /* Release */ = {
			isa = XCBuildConfiguration;
			buildSettings = {
				ALWAYS_SEARCH_USER_PATHS = NO;
				CLANG_ANALYZER_NONNULL = YES;
				CLANG_ANALYZER_NUMBER_OBJECT_CONVERSION = YES_AGGRESSIVE;
				CLANG_CXX_LANGUAGE_STANDARD = "gnu++17";
				CLANG_ENABLE_MODULES = YES;
				CLANG_ENABLE_OBJC_ARC = YES;
				CLANG_ENABLE_OBJC_WEAK = YES;
				CLANG_WARN_BLOCK_CAPTURE_AUTORELEASING = YES;
				CLANG_WARN_BOOL_CONVERSION = YES;
				CLANG_WARN_COMMA = YES;
				CLANG_WARN_CONSTANT_CONVERSION = YES;
				CLANG_WARN_DEPRECATED_OBJC_IMPLEMENTATIONS = YES;
				CLANG_WARN_DIRECT_OBJC_ISA_USAGE = YES_ERROR;
				CLANG_WARN_DOCUMENTATION_COMMENTS = YES;
				CLANG_WARN_EMPTY_BODY = YES;
				CLANG_WARN_ENUM_CONVERSION = YES;
				CLANG_WARN_INFINITE_RECURSION = YES;
				CLANG_WARN_INT_CONVERSION = YES;
				CLANG_WARN_NON_LITERAL_NULL_CONVERSION = YES;
				CLANG_WARN_OBJC_IMPLICIT_RETAIN_SELF = YES;
				CLANG_WARN_OBJC_LITERAL_CONVERSION = YES;
				CLANG_WARN_OBJC_ROOT_CLASS = YES_ERROR;
				CLANG_WARN_QUOTED_INCLUDE_IN_FRAMEWORK_HEADER = YES;
				CLANG_WARN_RANGE_LOOP_ANALYSIS = YES;
				CLANG_WARN_STRICT_PROTOTYPES = YES;
				CLANG_WARN_SUSPICIOUS_MOVE = YES;
				CLANG_WARN_UNGUARDED_AVAILABILITY = YES_AGGRESSIVE;
				CLANG_WARN_UNREACHABLE_CODE = YES;
				CLANG_WARN__DUPLICATE_METHOD_MATCH = YES;
				COPY_PHASE_STRIP = NO;
				DEBUG_INFORMATION_FORMAT = "dwarf-with-dsym";
				ENABLE_NS_ASSERTIONS = NO;
				ENABLE_STRICT_OBJC_MSGSEND = YES;
				GCC_C_LANGUAGE_STANDARD = gnu11;
				GCC_NO_COMMON_BLOCKS = YES;
				GCC_WARN_64_TO_32_BIT_CONVERSION = YES;
				GCC_WARN_ABOUT_RETURN_TYPE = YES_ERROR;
				GCC_WARN_UNDECLARED_SELECTOR = YES;
				GCC_WARN_UNINITIALIZED_AUTOS = YES_AGGRESSIVE;
				GCC_WARN_UNUSED_FUNCTION = YES;
				GCC_WARN_UNUSED_VARIABLE = YES;
				IPHONEOS_DEPLOYMENT_TARGET = 15.5;
				MTL_ENABLE_DEBUG_INFO = NO;
				MTL_FAST_MATH = YES;
				SDKROOT = iphoneos;
				VALIDATE_PRODUCT = YES;
			};
			name = Release;
		};
		F3BF4A3B286939B50032028F /* Debug */ = {
			isa = XCBuildConfiguration;
			baseConfigurationReference = 44BFFAF5337F7D614B261C38 /* Pods-Parse_Chat.debug.xcconfig */;
			buildSettings = {
				ASSETCATALOG_COMPILER_APPICON_NAME = AppIcon;
				ASSETCATALOG_COMPILER_GLOBAL_ACCENT_COLOR_NAME = AccentColor;
				CODE_SIGN_STYLE = Automatic;
				CURRENT_PROJECT_VERSION = 1;
				GENERATE_INFOPLIST_FILE = YES;
				INFOPLIST_FILE = Parse_Chat/Info.plist;
				INFOPLIST_KEY_UIApplicationSupportsIndirectInputEvents = YES;
				INFOPLIST_KEY_UILaunchStoryboardName = LaunchScreen;
				INFOPLIST_KEY_UIMainStoryboardFile = Main;
				INFOPLIST_KEY_UISupportedInterfaceOrientations_iPad = "UIInterfaceOrientationPortrait UIInterfaceOrientationPortraitUpsideDown UIInterfaceOrientationLandscapeLeft UIInterfaceOrientationLandscapeRight";
				INFOPLIST_KEY_UISupportedInterfaceOrientations_iPhone = "UIInterfaceOrientationPortrait UIInterfaceOrientationLandscapeLeft UIInterfaceOrientationLandscapeRight";
				LD_RUNPATH_SEARCH_PATHS = (
					"$(inherited)",
					"@executable_path/Frameworks",
				);
				MARKETING_VERSION = 1.0;
				PRODUCT_BUNDLE_IDENTIFIER = "com.mylesblock.Parse-Chat";
				PRODUCT_NAME = "$(TARGET_NAME)";
				SWIFT_EMIT_LOC_STRINGS = YES;
				TARGETED_DEVICE_FAMILY = "1,2";
			};
			name = Debug;
		};
		F3BF4A3C286939B50032028F /* Release */ = {
			isa = XCBuildConfiguration;
			baseConfigurationReference = F82B48C9C13FE94D9F9CC648 /* Pods-Parse_Chat.release.xcconfig */;
			buildSettings = {
				ASSETCATALOG_COMPILER_APPICON_NAME = AppIcon;
				ASSETCATALOG_COMPILER_GLOBAL_ACCENT_COLOR_NAME = AccentColor;
				CODE_SIGN_STYLE = Automatic;
				CURRENT_PROJECT_VERSION = 1;
				GENERATE_INFOPLIST_FILE = YES;
				INFOPLIST_FILE = Parse_Chat/Info.plist;
				INFOPLIST_KEY_UIApplicationSupportsIndirectInputEvents = YES;
				INFOPLIST_KEY_UILaunchStoryboardName = LaunchScreen;
				INFOPLIST_KEY_UIMainStoryboardFile = Main;
				INFOPLIST_KEY_UISupportedInterfaceOrientations_iPad = "UIInterfaceOrientationPortrait UIInterfaceOrientationPortraitUpsideDown UIInterfaceOrientationLandscapeLeft UIInterfaceOrientationLandscapeRight";
				INFOPLIST_KEY_UISupportedInterfaceOrientations_iPhone = "UIInterfaceOrientationPortrait UIInterfaceOrientationLandscapeLeft UIInterfaceOrientationLandscapeRight";
				LD_RUNPATH_SEARCH_PATHS = (
					"$(inherited)",
					"@executable_path/Frameworks",
				);
				MARKETING_VERSION = 1.0;
				PRODUCT_BUNDLE_IDENTIFIER = "com.mylesblock.Parse-Chat";
				PRODUCT_NAME = "$(TARGET_NAME)";
				SWIFT_EMIT_LOC_STRINGS = YES;
				TARGETED_DEVICE_FAMILY = "1,2";
			};
			name = Release;
		};
		F3BF4A3E286939B50032028F /* Debug */ = {
			isa = XCBuildConfiguration;
			baseConfigurationReference = B0AE3C910774152E5F044932 /* Pods-Parse_ChatTests.debug.xcconfig */;
			buildSettings = {
				BUNDLE_LOADER = "$(TEST_HOST)";
				CODE_SIGN_STYLE = Automatic;
				CURRENT_PROJECT_VERSION = 1;
				GENERATE_INFOPLIST_FILE = YES;
				IPHONEOS_DEPLOYMENT_TARGET = 15.5;
				MARKETING_VERSION = 1.0;
				PRODUCT_BUNDLE_IDENTIFIER = "com.mylesblock.Parse-ChatTests";
				PRODUCT_NAME = "$(TARGET_NAME)";
				SWIFT_EMIT_LOC_STRINGS = NO;
				TARGETED_DEVICE_FAMILY = "1,2";
				TEST_HOST = "$(BUILT_PRODUCTS_DIR)/Parse_Chat.app/Parse_Chat";
			};
			name = Debug;
		};
		F3BF4A3F286939B50032028F /* Release */ = {
			isa = XCBuildConfiguration;
			baseConfigurationReference = 579727971AAB87D5AAAE0CE5 /* Pods-Parse_ChatTests.release.xcconfig */;
			buildSettings = {
				BUNDLE_LOADER = "$(TEST_HOST)";
				CODE_SIGN_STYLE = Automatic;
				CURRENT_PROJECT_VERSION = 1;
				GENERATE_INFOPLIST_FILE = YES;
				IPHONEOS_DEPLOYMENT_TARGET = 15.5;
				MARKETING_VERSION = 1.0;
				PRODUCT_BUNDLE_IDENTIFIER = "com.mylesblock.Parse-ChatTests";
				PRODUCT_NAME = "$(TARGET_NAME)";
				SWIFT_EMIT_LOC_STRINGS = NO;
				TARGETED_DEVICE_FAMILY = "1,2";
				TEST_HOST = "$(BUILT_PRODUCTS_DIR)/Parse_Chat.app/Parse_Chat";
			};
			name = Release;
		};
		F3BF4A41286939B50032028F /* Debug */ = {
			isa = XCBuildConfiguration;
			baseConfigurationReference = B4FD4DF093CA2248F454AE21 /* Pods-Parse_Chat-Parse_ChatUITests.debug.xcconfig */;
			buildSettings = {
				CODE_SIGN_STYLE = Automatic;
				CURRENT_PROJECT_VERSION = 1;
				GENERATE_INFOPLIST_FILE = YES;
				MARKETING_VERSION = 1.0;
				PRODUCT_BUNDLE_IDENTIFIER = "com.mylesblock.Parse-ChatUITests";
				PRODUCT_NAME = "$(TARGET_NAME)";
				SWIFT_EMIT_LOC_STRINGS = NO;
				TARGETED_DEVICE_FAMILY = "1,2";
				TEST_TARGET_NAME = Parse_Chat;
			};
			name = Debug;
		};
		F3BF4A42286939B50032028F /* Release */ = {
			isa = XCBuildConfiguration;
			baseConfigurationReference = BD732C98F224173DFA9DD9A1 /* Pods-Parse_Chat-Parse_ChatUITests.release.xcconfig */;
			buildSettings = {
				CODE_SIGN_STYLE = Automatic;
				CURRENT_PROJECT_VERSION = 1;
				GENERATE_INFOPLIST_FILE = YES;
				MARKETING_VERSION = 1.0;
				PRODUCT_BUNDLE_IDENTIFIER = "com.mylesblock.Parse-ChatUITests";
				PRODUCT_NAME = "$(TARGET_NAME)";
				SWIFT_EMIT_LOC_STRINGS = NO;
				TARGETED_DEVICE_FAMILY = "1,2";
				TEST_TARGET_NAME = Parse_Chat;
			};
			name = Release;
		};
/* End XCBuildConfiguration section */

/* Begin XCConfigurationList section */
		F3BF4A06286939B40032028F /* Build configuration list for PBXProject "Parse_Chat" */ = {
			isa = XCConfigurationList;
			buildConfigurations = (
				F3BF4A38286939B50032028F /* Debug */,
				F3BF4A39286939B50032028F /* Release */,
			);
			defaultConfigurationIsVisible = 0;
			defaultConfigurationName = Release;
		};
		F3BF4A3A286939B50032028F /* Build configuration list for PBXNativeTarget "Parse_Chat" */ = {
			isa = XCConfigurationList;
			buildConfigurations = (
				F3BF4A3B286939B50032028F /* Debug */,
				F3BF4A3C286939B50032028F /* Release */,
			);
			defaultConfigurationIsVisible = 0;
			defaultConfigurationName = Release;
		};
		F3BF4A3D286939B50032028F /* Build configuration list for PBXNativeTarget "Parse_ChatTests" */ = {
			isa = XCConfigurationList;
			buildConfigurations = (
				F3BF4A3E286939B50032028F /* Debug */,
				F3BF4A3F286939B50032028F /* Release */,
			);
			defaultConfigurationIsVisible = 0;
			defaultConfigurationName = Release;
		};
		F3BF4A40286939B50032028F /* Build configuration list for PBXNativeTarget "Parse_ChatUITests" */ = {
			isa = XCConfigurationList;
			buildConfigurations = (
				F3BF4A41286939B50032028F /* Debug */,
				F3BF4A42286939B50032028F /* Release */,
			);
			defaultConfigurationIsVisible = 0;
			defaultConfigurationName = Release;
		};
/* End XCConfigurationList section */
	};
	rootObject = F3BF4A03286939B40032028F /* Project object */;
}
